PODS:
  - AFNetworkActivityLogger (2.0.4):
    - AFNetworking/NSURLConnection (~> 2.0)
    - AFNetworking/NSURLSession (~> 2.0)
  - AFNetworking/NSURLConnection (2.5.2):
    - AFNetworking/Reachability
    - AFNetworking/Security
    - AFNetworking/Serialization
  - AFNetworking/NSURLSession (2.5.2):
    - AFNetworking/Reachability
    - AFNetworking/Security
    - AFNetworking/Serialization
  - AFNetworking/Reachability (2.5.2)
  - AFNetworking/Security (2.5.2)
  - AFNetworking/Serialization (2.5.2)
  - Expecta (0.4.1)
  - Specta (0.5.0)

DEPENDENCIES:
  - AFNetworkActivityLogger (from `../`)
  - expecta
  - specta

EXTERNAL SOURCES:
  AFNetworkActivityLogger:
    :path: "../"

SPEC CHECKSUMS:
  AFNetworkActivityLogger: 121486778117d53b3ab1c61d264b88081d0c3eee
  AFNetworking: fefbce9660acb17f48ae0011292d4da0f457bf36
  Expecta: a2f175f4f5f99d062d480787945ea11d8884077e
  Specta: eb90708ed77569bbda089f8ead10bb99b8e9489e

COCOAPODS: 0.36.3
